
Microsoft Visual Studio Solution File, Format Version 12.00
# Visual Studio Version 16
VisualStudioVersion = 16.0.30204.135
MinimumVisualStudioVersion = 10.0.40219.1
Project("{FAE04EC0-301F-11D3-BF4B-00C04F79EFBC}") = "casoEstudioVaraApi2021", "casoEstudioVaraApi2021.csproj", "{F3C06BCC-F797-4F61-986C-C32632C645CD}"
EndProject
Global
	GlobalSection(SolutionConfigurationPlatforms) = preSolution
		Debug|Any CPU = Debug|Any CPU
		Release|Any CPU = Release|Any CPU
	EndGlobalSection
	GlobalSection(ProjectConfigurationPlatforms) = postSolution
		{F3C06BCC-F797-4F61-986C-C32632C645CD}.Debug|Any CPU.ActiveCfg = Debug|Any CPU
		{F3C06BCC-F797-4F61-986C-C32632C645CD}.Debug|Any CPU.Build.0 = Debug|Any CPU
		{F3C06BCC-F797-4F61-986C-C32632C645CD}.Release|Any CPU.ActiveCfg = Release|Any CPU
		{F3C06BCC-F797-4F61-986C-C32632C645CD}.Release|Any CPU.Build.0 = Release|Any CPU
	EndGlobalSection
	GlobalSection(SolutionProperties) = preSolution
		HideSolutionNode = FALSE
	EndGlobalSection
	GlobalSection(ExtensibilityGlobals) = postSolution
		SolutionGuid = {6FDF6680-8FB1-43DC-8ACF-69D62C81C56F}
	EndGlobalSection
EndGlobal
